
Microsoft Visual Studio Solution File, Format Version 12.00
# Visual Studio 15
VisualStudioVersion = 15.0.27703.2000
MinimumVisualStudioVersion = 10.0.40219.1
Project("{9A19103F-16F7-4668-BE54-9A1E7A4F7556}") = "Xamarin.Forms.Core", "Xamarin.Forms.Core\Xamarin.Forms.Core.csproj", "{17C2A791-5829-41CE-9CB8-0ACE06B8BB3E}"
EndProject
Project("{9A19103F-16F7-4668-BE54-9A1E7A4F7556}") = "Xamarin.Forms.Xaml", "Xamarin.Forms.Xaml\Xamarin.Forms.Xaml.csproj", "{BAA08A34-9866-4CE5-830C-E734F7630583}"
EndProject
Project("{2150E333-8FDC-42A3-9474-1A3956D46DE8}") = "NSTests", "NSTests", "{D2EDEC7F-CF85-4CEA-873C-8E429E6900CA}"
EndProject
Project("{9A19103F-16F7-4668-BE54-9A1E7A4F7556}") = "NSTests", "NSTests\NSTests\NSTests.csproj", "{2C233236-E1B7-4DF6-9837-EF3F5781536B}"
EndProject
Project("{9A19103F-16F7-4668-BE54-9A1E7A4F7556}") = "NSTests.ControlLibrary1", "NSTests\NSTests.ControlLibrary1\NSTests.ControlLibrary1.csproj", "{22F53C59-F19E-4F56-9BE9-CFD4223C44C7}"
EndProject
Project("{9A19103F-16F7-4668-BE54-9A1E7A4F7556}") = "NSTests.ControlLibrary2", "NSTests\NSTests.ControlLibrary2\NSTests.ControlLibrary2.csproj", "{90314E23-B395-4730-B56F-E8B880873D3C}"
EndProject
Project("{FAE04EC0-301F-11D3-BF4B-00C04F79EFBC}") = "NSTests.UWP", "NSTests\NSTests.UWP\NSTests.UWP.csproj", "{1EAE1A43-BB1A-4A8B-9AB9-42281CDB61FF}"
EndProject
Project("{FAE04EC0-301F-11D3-BF4B-00C04F79EFBC}") = "NSTests.WPF", "NSTests\NSTests.WPF\NSTests.WPF.csproj", "{BB08AB56-B8FC-4593-9146-D490319CEC71}"
EndProject
Project("{9A19103F-16F7-4668-BE54-9A1E7A4F7556}") = "Xamarin.Forms.Platform", "Xamarin.Forms.Platform\Xamarin.Forms.Platform.csproj", "{CBB861F5-640B-4AE9-940F-BCCF8432A0ED}"
EndProject
Project("{FAE04EC0-301F-11D3-BF4B-00C04F79EFBC}") = "Xamarin.Forms.Platform.WPF", "Xamarin.Forms.Platform.WPF\Xamarin.Forms.Platform.WPF.csproj", "{140BC260-8B15-4D3A-B1B0-DDD8072918CC}"
EndProject
Project("{FAE04EC0-301F-11D3-BF4B-00C04F79EFBC}") = "Xamarin.Forms.Platform.UAP", "Xamarin.Forms.Platform.UAP\Xamarin.Forms.Platform.UAP.csproj", "{00D8D049-FFAA-4759-8FC9-1ECA30777F72}"
EndProject
Project("{2150E333-8FDC-42A3-9474-1A3956D46DE8}") = "Platforms", "Platforms", "{3C6C7286-0B6A-4B36-8D50-CC4C1B497B97}"
EndProject
Global
	GlobalSection(SolutionConfigurationPlatforms) = preSolution
		Debug|Any CPU = Debug|Any CPU
		Debug|ARM = Debug|ARM
		Debug|x64 = Debug|x64
		Debug|x86 = Debug|x86
		Release|Any CPU = Release|Any CPU
		Release|ARM = Release|ARM
		Release|x64 = Release|x64
		Release|x86 = Release|x86
	EndGlobalSection
	GlobalSection(ProjectConfigurationPlatforms) = postSolution
		{17C2A791-5829-41CE-9CB8-0ACE06B8BB3E}.Debug|Any CPU.ActiveCfg = Debug|Any CPU
		{17C2A791-5829-41CE-9CB8-0ACE06B8BB3E}.Debug|Any CPU.Build.0 = Debug|Any CPU
		{17C2A791-5829-41CE-9CB8-0ACE06B8BB3E}.Debug|ARM.ActiveCfg = Debug|Any CPU
		{17C2A791-5829-41CE-9CB8-0ACE06B8BB3E}.Debug|ARM.Build.0 = Debug|Any CPU
		{17C2A791-5829-41CE-9CB8-0ACE06B8BB3E}.Debug|x64.ActiveCfg = Debug|Any CPU
		{17C2A791-5829-41CE-9CB8-0ACE06B8BB3E}.Debug|x64.Build.0 = Debug|Any CPU
		{17C2A791-5829-41CE-9CB8-0ACE06B8BB3E}.Debug|x86.ActiveCfg = Debug|Any CPU
		{17C2A791-5829-41CE-9CB8-0ACE06B8BB3E}.Debug|x86.Build.0 = Debug|Any CPU
		{17C2A791-5829-41CE-9CB8-0ACE06B8BB3E}.Release|Any CPU.ActiveCfg = Release|Any CPU
		{17C2A791-5829-41CE-9CB8-0ACE06B8BB3E}.Release|Any CPU.Build.0 = Release|Any CPU
		{17C2A791-5829-41CE-9CB8-0ACE06B8BB3E}.Release|ARM.ActiveCfg = Release|Any CPU
		{17C2A791-5829-41CE-9CB8-0ACE06B8BB3E}.Release|ARM.Build.0 = Release|Any CPU
		{17C2A791-5829-41CE-9CB8-0ACE06B8BB3E}.Release|x64.ActiveCfg = Release|Any CPU
		{17C2A791-5829-41CE-9CB8-0ACE06B8BB3E}.Release|x64.Build.0 = Release|Any CPU
		{17C2A791-5829-41CE-9CB8-0ACE06B8BB3E}.Release|x86.ActiveCfg = Release|Any CPU
		{17C2A791-5829-41CE-9CB8-0ACE06B8BB3E}.Release|x86.Build.0 = Release|Any CPU
		{BAA08A34-9866-4CE5-830C-E734F7630583}.Debug|Any CPU.ActiveCfg = Debug|Any CPU
		{BAA08A34-9866-4CE5-830C-E734F7630583}.Debug|Any CPU.Build.0 = Debug|Any CPU
		{BAA08A34-9866-4CE5-830C-E734F7630583}.Debug|ARM.ActiveCfg = Debug|Any CPU
		{BAA08A34-9866-4CE5-830C-E734F7630583}.Debug|ARM.Build.0 = Debug|Any CPU
		{BAA08A34-9866-4CE5-830C-E734F7630583}.Debug|x64.ActiveCfg = Debug|Any CPU
		{BAA08A34-9866-4CE5-830C-E734F7630583}.Debug|x64.Build.0 = Debug|Any CPU
		{BAA08A34-9866-4CE5-830C-E734F7630583}.Debug|x86.ActiveCfg = Debug|Any CPU
		{BAA08A34-9866-4CE5-830C-E734F7630583}.Debug|x86.Build.0 = Debug|Any CPU
		{BAA08A34-9866-4CE5-830C-E734F7630583}.Release|Any CPU.ActiveCfg = Release|Any CPU
		{BAA08A34-9866-4CE5-830C-E734F7630583}.Release|Any CPU.Build.0 = Release|Any CPU
		{BAA08A34-9866-4CE5-830C-E734F7630583}.Release|ARM.ActiveCfg = Release|Any CPU
		{BAA08A34-9866-4CE5-830C-E734F7630583}.Release|ARM.Build.0 = Release|Any CPU
		{BAA08A34-9866-4CE5-830C-E734F7630583}.Release|x64.ActiveCfg = Release|Any CPU
		{BAA08A34-9866-4CE5-830C-E734F7630583}.Release|x64.Build.0 = Release|Any CPU
		{BAA08A34-9866-4CE5-830C-E734F7630583}.Release|x86.ActiveCfg = Release|Any CPU
		{BAA08A34-9866-4CE5-830C-E734F7630583}.Release|x86.Build.0 = Release|Any CPU
		{2C233236-E1B7-4DF6-9837-EF3F5781536B}.Debug|Any CPU.ActiveCfg = Debug|Any CPU
		{2C233236-E1B7-4DF6-9837-EF3F5781536B}.Debug|Any CPU.Build.0 = Debug|Any CPU
		{2C233236-E1B7-4DF6-9837-EF3F5781536B}.Debug|ARM.ActiveCfg = Debug|Any CPU
		{2C233236-E1B7-4DF6-9837-EF3F5781536B}.Debug|ARM.Build.0 = Debug|Any CPU
		{2C233236-E1B7-4DF6-9837-EF3F5781536B}.Debug|x64.ActiveCfg = Debug|Any CPU
		{2C233236-E1B7-4DF6-9837-EF3F5781536B}.Debug|x64.Build.0 = Debug|Any CPU
		{2C233236-E1B7-4DF6-9837-EF3F5781536B}.Debug|x86.ActiveCfg = Debug|Any CPU
		{2C233236-E1B7-4DF6-9837-EF3F5781536B}.Debug|x86.Build.0 = Debug|Any CPU
		{2C233236-E1B7-4DF6-9837-EF3F5781536B}.Release|Any CPU.ActiveCfg = Release|Any CPU
		{2C233236-E1B7-4DF6-9837-EF3F5781536B}.Release|Any CPU.Build.0 = Release|Any CPU
		{2C233236-E1B7-4DF6-9837-EF3F5781536B}.Release|ARM.ActiveCfg = Release|Any CPU
		{2C233236-E1B7-4DF6-9837-EF3F5781536B}.Release|ARM.Build.0 = Release|Any CPU
		{2C233236-E1B7-4DF6-9837-EF3F5781536B}.Release|x64.ActiveCfg = Release|Any CPU
		{2C233236-E1B7-4DF6-9837-EF3F5781536B}.Release|x64.Build.0 = Release|Any CPU
		{2C233236-E1B7-4DF6-9837-EF3F5781536B}.Release|x86.ActiveCfg = Release|Any CPU
		{2C233236-E1B7-4DF6-9837-EF3F5781536B}.Release|x86.Build.0 = Release|Any CPU
		{22F53C59-F19E-4F56-9BE9-CFD4223C44C7}.Debug|Any CPU.ActiveCfg = Debug|Any CPU
		{22F53C59-F19E-4F56-9BE9-CFD4223C44C7}.Debug|Any CPU.Build.0 = Debug|Any CPU
		{22F53C59-F19E-4F56-9BE9-CFD4223C44C7}.Debug|ARM.ActiveCfg = Debug|Any CPU
		{22F53C59-F19E-4F56-9BE9-CFD4223C44C7}.Debug|ARM.Build.0 = Debug|Any CPU
		{22F53C59-F19E-4F56-9BE9-CFD4223C44C7}.Debug|x64.ActiveCfg = Debug|Any CPU
		{22F53C59-F19E-4F56-9BE9-CFD4223C44C7}.Debug|x64.Build.0 = Debug|Any CPU
		{22F53C59-F19E-4F56-9BE9-CFD4223C44C7}.Debug|x86.ActiveCfg = Debug|Any CPU
		{22F53C59-F19E-4F56-9BE9-CFD4223C44C7}.Debug|x86.Build.0 = Debug|Any CPU
		{22F53C59-F19E-4F56-9BE9-CFD4223C44C7}.Release|Any CPU.ActiveCfg = Release|Any CPU
		{22F53C59-F19E-4F56-9BE9-CFD4223C44C7}.Release|Any CPU.Build.0 = Release|Any CPU
		{22F53C59-F19E-4F56-9BE9-CFD4223C44C7}.Release|ARM.ActiveCfg = Release|Any CPU
		{22F53C59-F19E-4F56-9BE9-CFD4223C44C7}.Release|ARM.Build.0 = Release|Any CPU
		{22F53C59-F19E-4F56-9BE9-CFD4223C44C7}.Release|x64.ActiveCfg = Release|Any CPU
		{22F53C59-F19E-4F56-9BE9-CFD4223C44C7}.Release|x64.Build.0 = Release|Any CPU
		{22F53C59-F19E-4F56-9BE9-CFD4223C44C7}.Release|x86.ActiveCfg = Release|Any CPU
		{22F53C59-F19E-4F56-9BE9-CFD4223C44C7}.Release|x86.Build.0 = Release|Any CPU
		{90314E23-B395-4730-B56F-E8B880873D3C}.Debug|Any CPU.ActiveCfg = Debug|Any CPU
		{90314E23-B395-4730-B56F-E8B880873D3C}.Debug|Any CPU.Build.0 = Debug|Any CPU
		{90314E23-B395-4730-B56F-E8B880873D3C}.Debug|ARM.ActiveCfg = Debug|Any CPU
		{90314E23-B395-4730-B56F-E8B880873D3C}.Debug|ARM.Build.0 = Debug|Any CPU
		{90314E23-B395-4730-B56F-E8B880873D3C}.Debug|x64.ActiveCfg = Debug|Any CPU
		{90314E23-B395-4730-B56F-E8B880873D3C}.Debug|x64.Build.0 = Debug|Any CPU
		{90314E23-B395-4730-B56F-E8B880873D3C}.Debug|x86.ActiveCfg = Debug|Any CPU
		{90314E23-B395-4730-B56F-E8B880873D3C}.Debug|x86.Build.0 = Debug|Any CPU
		{90314E23-B395-4730-B56F-E8B880873D3C}.Release|Any CPU.ActiveCfg = Release|Any CPU
		{90314E23-B395-4730-B56F-E8B880873D3C}.Release|Any CPU.Build.0 = Release|Any CPU
		{90314E23-B395-4730-B56F-E8B880873D3C}.Release|ARM.ActiveCfg = Release|Any CPU
		{90314E23-B395-4730-B56F-E8B880873D3C}.Release|ARM.Build.0 = Release|Any CPU
		{90314E23-B395-4730-B56F-E8B880873D3C}.Release|x64.ActiveCfg = Release|Any CPU
		{90314E23-B395-4730-B56F-E8B880873D3C}.Release|x64.Build.0 = Release|Any CPU
		{90314E23-B395-4730-B56F-E8B880873D3C}.Release|x86.ActiveCfg = Release|Any CPU
		{90314E23-B395-4730-B56F-E8B880873D3C}.Release|x86.Build.0 = Release|Any CPU
		{1EAE1A43-BB1A-4A8B-9AB9-42281CDB61FF}.Debug|Any CPU.ActiveCfg = Debug|x86
		{1EAE1A43-BB1A-4A8B-9AB9-42281CDB61FF}.Debug|ARM.ActiveCfg = Debug|ARM
		{1EAE1A43-BB1A-4A8B-9AB9-42281CDB61FF}.Debug|ARM.Build.0 = Debug|ARM
		{1EAE1A43-BB1A-4A8B-9AB9-42281CDB61FF}.Debug|ARM.Deploy.0 = Debug|ARM
		{1EAE1A43-BB1A-4A8B-9AB9-42281CDB61FF}.Debug|x64.ActiveCfg = Debug|x64
		{1EAE1A43-BB1A-4A8B-9AB9-42281CDB61FF}.Debug|x64.Build.0 = Debug|x64
		{1EAE1A43-BB1A-4A8B-9AB9-42281CDB61FF}.Debug|x64.Deploy.0 = Debug|x64
		{1EAE1A43-BB1A-4A8B-9AB9-42281CDB61FF}.Debug|x86.ActiveCfg = Debug|x86
		{1EAE1A43-BB1A-4A8B-9AB9-42281CDB61FF}.Debug|x86.Build.0 = Debug|x86
		{1EAE1A43-BB1A-4A8B-9AB9-42281CDB61FF}.Debug|x86.Deploy.0 = Debug|x86
		{1EAE1A43-BB1A-4A8B-9AB9-42281CDB61FF}.Release|Any CPU.ActiveCfg = Release|x86
		{1EAE1A43-BB1A-4A8B-9AB9-42281CDB61FF}.Release|ARM.ActiveCfg = Release|ARM
		{1EAE1A43-BB1A-4A8B-9AB9-42281CDB61FF}.Release|ARM.Build.0 = Release|ARM
		{1EAE1A43-BB1A-4A8B-9AB9-42281CDB61FF}.Release|ARM.Deploy.0 = Release|ARM
		{1EAE1A43-BB1A-4A8B-9AB9-42281CDB61FF}.Release|x64.ActiveCfg = Release|x64
		{1EAE1A43-BB1A-4A8B-9AB9-42281CDB61FF}.Release|x64.Build.0 = Release|x64
		{1EAE1A43-BB1A-4A8B-9AB9-42281CDB61FF}.Release|x64.Deploy.0 = Release|x64
		{1EAE1A43-BB1A-4A8B-9AB9-42281CDB61FF}.Release|x86.ActiveCfg = Release|x86
		{1EAE1A43-BB1A-4A8B-9AB9-42281CDB61FF}.Release|x86.Build.0 = Release|x86
		{1EAE1A43-BB1A-4A8B-9AB9-42281CDB61FF}.Release|x86.Deploy.0 = Release|x86
		{BB08AB56-B8FC-4593-9146-D490319CEC71}.Debug|Any CPU.ActiveCfg = Debug|Any CPU
		{BB08AB56-B8FC-4593-9146-D490319CEC71}.Debug|Any CPU.Build.0 = Debug|Any CPU
		{BB08AB56-B8FC-4593-9146-D490319CEC71}.Debug|ARM.ActiveCfg = Debug|Any CPU
		{BB08AB56-B8FC-4593-9146-D490319CEC71}.Debug|ARM.Build.0 = Debug|Any CPU
		{BB08AB56-B8FC-4593-9146-D490319CEC71}.Debug|x64.ActiveCfg = Debug|Any CPU
		{BB08AB56-B8FC-4593-9146-D490319CEC71}.Debug|x64.Build.0 = Debug|Any CPU
		{BB08AB56-B8FC-4593-9146-D490319CEC71}.Debug|x86.ActiveCfg = Debug|Any CPU
		{BB08AB56-B8FC-4593-9146-D490319CEC71}.Debug|x86.Build.0 = Debug|Any CPU
		{BB08AB56-B8FC-4593-9146-D490319CEC71}.Release|Any CPU.ActiveCfg = Release|Any CPU
		{BB08AB56-B8FC-4593-9146-D490319CEC71}.Release|Any CPU.Build.0 = Release|Any CPU
		{BB08AB56-B8FC-4593-9146-D490319CEC71}.Release|ARM.ActiveCfg = Release|Any CPU
		{BB08AB56-B8FC-4593-9146-D490319CEC71}.Release|ARM.Build.0 = Release|Any CPU
		{BB08AB56-B8FC-4593-9146-D490319CEC71}.Release|x64.ActiveCfg = Release|Any CPU
		{BB08AB56-B8FC-4593-9146-D490319CEC71}.Release|x64.Build.0 = Release|Any CPU
		{BB08AB56-B8FC-4593-9146-D490319CEC71}.Release|x86.ActiveCfg = Release|Any CPU
		{BB08AB56-B8FC-4593-9146-D490319CEC71}.Release|x86.Build.0 = Release|Any CPU
		{CBB861F5-640B-4AE9-940F-BCCF8432A0ED}.Debug|Any CPU.ActiveCfg = Debug|Any CPU
		{CBB861F5-640B-4AE9-940F-BCCF8432A0ED}.Debug|Any CPU.Build.0 = Debug|Any CPU
		{CBB861F5-640B-4AE9-940F-BCCF8432A0ED}.Debug|ARM.ActiveCfg = Debug|Any CPU
		{CBB861F5-640B-4AE9-940F-BCCF8432A0ED}.Debug|ARM.Build.0 = Debug|Any CPU
		{CBB861F5-640B-4AE9-940F-BCCF8432A0ED}.Debug|x64.ActiveCfg = Debug|Any CPU
		{CBB861F5-640B-4AE9-940F-BCCF8432A0ED}.Debug|x64.Build.0 = Debug|Any CPU
		{CBB861F5-640B-4AE9-940F-BCCF8432A0ED}.Debug|x86.ActiveCfg = Debug|Any CPU
		{CBB861F5-640B-4AE9-940F-BCCF8432A0ED}.Debug|x86.Build.0 = Debug|Any CPU
		{CBB861F5-640B-4AE9-940F-BCCF8432A0ED}.Release|Any CPU.ActiveCfg = Release|Any CPU
		{CBB861F5-640B-4AE9-940F-BCCF8432A0ED}.Release|Any CPU.Build.0 = Release|Any CPU
		{CBB861F5-640B-4AE9-940F-BCCF8432A0ED}.Release|ARM.ActiveCfg = Release|Any CPU
		{CBB861F5-640B-4AE9-940F-BCCF8432A0ED}.Release|ARM.Build.0 = Release|Any CPU
		{CBB861F5-640B-4AE9-940F-BCCF8432A0ED}.Release|x64.ActiveCfg = Release|Any CPU
		{CBB861F5-640B-4AE9-940F-BCCF8432A0ED}.Release|x64.Build.0 = Release|Any CPU
		{CBB861F5-640B-4AE9-940F-BCCF8432A0ED}.Release|x86.ActiveCfg = Release|Any CPU
		{CBB861F5-640B-4AE9-940F-BCCF8432A0ED}.Release|x86.Build.0 = Release|Any CPU
		{140BC260-8B15-4D3A-B1B0-DDD8072918CC}.Debug|Any CPU.ActiveCfg = Debug|Any CPU
		{140BC260-8B15-4D3A-B1B0-DDD8072918CC}.Debug|Any CPU.Build.0 = Debug|Any CPU
		{140BC260-8B15-4D3A-B1B0-DDD8072918CC}.Debug|ARM.ActiveCfg = Debug|Any CPU
		{140BC260-8B15-4D3A-B1B0-DDD8072918CC}.Debug|ARM.Build.0 = Debug|Any CPU
		{140BC260-8B15-4D3A-B1B0-DDD8072918CC}.Debug|x64.ActiveCfg = Debug|Any CPU
		{140BC260-8B15-4D3A-B1B0-DDD8072918CC}.Debug|x64.Build.0 = Debug|Any CPU
		{140BC260-8B15-4D3A-B1B0-DDD8072918CC}.Debug|x86.ActiveCfg = Debug|Any CPU
		{140BC260-8B15-4D3A-B1B0-DDD8072918CC}.Debug|x86.Build.0 = Debug|Any CPU
		{140BC260-8B15-4D3A-B1B0-DDD8072918CC}.Release|Any CPU.ActiveCfg = Release|Any CPU
		{140BC260-8B15-4D3A-B1B0-DDD8072918CC}.Release|Any CPU.Build.0 = Release|Any CPU
		{140BC260-8B15-4D3A-B1B0-DDD8072918CC}.Release|ARM.ActiveCfg = Release|Any CPU
		{140BC260-8B15-4D3A-B1B0-DDD8072918CC}.Release|ARM.Build.0 = Release|Any CPU
		{140BC260-8B15-4D3A-B1B0-DDD8072918CC}.Release|x64.ActiveCfg = Release|Any CPU
		{140BC260-8B15-4D3A-B1B0-DDD8072918CC}.Release|x64.Build.0 = Release|Any CPU
		{140BC260-8B15-4D3A-B1B0-DDD8072918CC}.Release|x86.ActiveCfg = Release|Any CPU
		{140BC260-8B15-4D3A-B1B0-DDD8072918CC}.Release|x86.Build.0 = Release|Any CPU
		{00D8D049-FFAA-4759-8FC9-1ECA30777F72}.Debug|Any CPU.ActiveCfg = Debug|Any CPU
		{00D8D049-FFAA-4759-8FC9-1ECA30777F72}.Debug|Any CPU.Build.0 = Debug|Any CPU
		{00D8D049-FFAA-4759-8FC9-1ECA30777F72}.Debug|ARM.ActiveCfg = Debug|Any CPU
		{00D8D049-FFAA-4759-8FC9-1ECA30777F72}.Debug|ARM.Build.0 = Debug|Any CPU
		{00D8D049-FFAA-4759-8FC9-1ECA30777F72}.Debug|x64.ActiveCfg = Debug|Any CPU
		{00D8D049-FFAA-4759-8FC9-1ECA30777F72}.Debug|x64.Build.0 = Debug|Any CPU
		{00D8D049-FFAA-4759-8FC9-1ECA30777F72}.Debug|x86.ActiveCfg = Debug|Any CPU
		{00D8D049-FFAA-4759-8FC9-1ECA30777F72}.Debug|x86.Build.0 = Debug|Any CPU
		{00D8D049-FFAA-4759-8FC9-1ECA30777F72}.Release|Any CPU.ActiveCfg = Release|Any CPU
		{00D8D049-FFAA-4759-8FC9-1ECA30777F72}.Release|Any CPU.Build.0 = Release|Any CPU
		{00D8D049-FFAA-4759-8FC9-1ECA30777F72}.Release|ARM.ActiveCfg = Release|Any CPU
		{00D8D049-FFAA-4759-8FC9-1ECA30777F72}.Release|ARM.Build.0 = Release|Any CPU
		{00D8D049-FFAA-4759-8FC9-1ECA30777F72}.Release|x64.ActiveCfg = Release|Any CPU
		{00D8D049-FFAA-4759-8FC9-1ECA30777F72}.Release|x64.Build.0 = Release|Any CPU
		{00D8D049-FFAA-4759-8FC9-1ECA30777F72}.Release|x86.ActiveCfg = Release|Any CPU
		{00D8D049-FFAA-4759-8FC9-1ECA30777F72}.Release|x86.Build.0 = Release|Any CPU
	EndGlobalSection
	GlobalSection(SolutionProperties) = preSolution
		HideSolutionNode = FALSE
	EndGlobalSection
	GlobalSection(NestedProjects) = preSolution
		{2C233236-E1B7-4DF6-9837-EF3F5781536B} = {D2EDEC7F-CF85-4CEA-873C-8E429E6900CA}
		{22F53C59-F19E-4F56-9BE9-CFD4223C44C7} = {D2EDEC7F-CF85-4CEA-873C-8E429E6900CA}
		{90314E23-B395-4730-B56F-E8B880873D3C} = {D2EDEC7F-CF85-4CEA-873C-8E429E6900CA}
		{1EAE1A43-BB1A-4A8B-9AB9-42281CDB61FF} = {D2EDEC7F-CF85-4CEA-873C-8E429E6900CA}
		{BB08AB56-B8FC-4593-9146-D490319CEC71} = {D2EDEC7F-CF85-4CEA-873C-8E429E6900CA}
		{140BC260-8B15-4D3A-B1B0-DDD8072918CC} = {3C6C7286-0B6A-4B36-8D50-CC4C1B497B97}
		{00D8D049-FFAA-4759-8FC9-1ECA30777F72} = {3C6C7286-0B6A-4B36-8D50-CC4C1B497B97}
	EndGlobalSection
	GlobalSection(ExtensibilityGlobals) = postSolution
		SolutionGuid = {B99F9D6E-092A-4125-938A-651007627AE2}
	EndGlobalSection
EndGlobal
